// !$*UTF8*$!
{
	archiveVersion = 1;
	classes = {
	};
	objectVersion = 50;
	objects = {

/* Begin PBXBuildFile section */
		DC7190201C0E3CD00089F695 /* AppDelegate.swift in Sources */ = {isa = PBXBuildFile; fileRef = DC71901F1C0E3CD00089F695 /* AppDelegate.swift */; };
		DC7190221C0E3CD00089F695 /* ViewController.swift in Sources */ = {isa = PBXBuildFile; fileRef = DC7190211C0E3CD00089F695 /* ViewController.swift */; };
		DC7190251C0E3CD00089F695 /* Main.storyboard in Resources */ = {isa = PBXBuildFile; fileRef = DC7190231C0E3CD00089F695 /* Main.storyboard */; };
		DC7190271C0E3CD00089F695 /* Assets.xcassets in Resources */ = {isa = PBXBuildFile; fileRef = DC7190261C0E3CD00089F695 /* Assets.xcassets */; };
		DC71902A1C0E3CD00089F695 /* LaunchScreen.storyboard in Resources */ = {isa = PBXBuildFile; fileRef = DC7190281C0E3CD00089F695 /* LaunchScreen.storyboard */; };
/* End PBXBuildFile section */

/* Begin PBXFileReference section */
		DC71901C1C0E3CD00089F695 /* SO-33987900.app */ = {isa = PBXFileReference; explicitFileType = wrapper.application; includeInIndex = 0; path = "SO-33987900.app"; sourceTree = BUILT_PRODUCTS_DIR; };
		DC71901F1C0E3CD00089F695 /* AppDelegate.swift */ = {isa = PBXFileReference; lastKnownFileType = sourcecode.swift; path = AppDelegate.swift; sourceTree = "<group>"; };
		DC7190211C0E3CD00089F695 /* ViewController.swift */ = {isa = PBXFileReference; lastKnownFileType = sourcecode.swift; path = ViewController.swift; sourceTree = "<group>"; };
		DC7190241C0E3CD00089F695 /* Base */ = {isa = PBXFileReference; lastKnownFileType = file.storyboard; name = Base; path = Base.lproj/Main.storyboard; sourceTree = "<group>"; };
		DC7190261C0E3CD00089F695 /* Assets.xcassets */ = {isa = PBXFileReference; lastKnownFileType = folder.assetcatalog; path = Assets.xcassets; sourceTree = "<group>"; };
		DC7190291C0E3CD00089F695 /* Base */ = {isa = PBXFileReference; lastKnownFileType = file.storyboard; name = Base; path = Base.lproj/LaunchScreen.storyboard; sourceTree = "<group>"; };
		DC71902B1C0E3CD00089F695 /* Info.plist */ = {isa = PBXFileReference; lastKnownFileType = text.plist.xml; path = Info.plist; sourceTree = "<group>"; };
/* End PBXFileReference section */

/* Begin PBXFrameworksBuildPhase section */
		DC7190191C0E3CD00089F695 /* Frameworks */ = {
			isa = PBXFrameworksBuildPhase;
			buildActionMask = 2147483647;
			files = (
			);
			runOnlyForDeploymentPostprocessing = 0;
		};
/* End PBXFrameworksBuildPhase section */

/* Begin PBXGroup section */
		DC7190131C0E3CD00089F695 = {
			isa = PBXGroup;
			children = (
				DC71901E1C0E3CD00089F695 /* SO-33987900 */,
				DC71901D1C0E3CD00089F695 /* Products */,
			);
			sourceTree = "<group>";
		};
		DC71901D1C0E3CD00089F695 /* Products */ = {
			isa = PBXGroup;
			children = (
				DC71901C1C0E3CD00089F695 /* SO-33987900.app */,
			);
			name = Products;
			sourceTree = "<group>";
		};
		DC71901E1C0E3CD00089F695 /* SO-33987900 */ = {
			isa = PBXGroup;
			children = (
				DC71901F1C0E3CD00089F695 /* AppDelegate.swift */,
				DC7190211C0E3CD00089F695 /* ViewController.swift */,
				DC7190231C0E3CD00089F695 /* Main.storyboard */,
				DC7190261C0E3CD00089F695 /* Assets.xcassets */,
				DC7190281C0E3CD00089F695 /* LaunchScreen.storyboard */,
				DC71902B1C0E3CD00089F695 /* Info.plist */,
			);
			path = "SO-33987900";
			sourceTree = "<group>";
		};
/* End PBXGroup section */

/* Begin PBXNativeTarget section */
		DC71901B1C0E3CD00089F695 /* SO-33987900 */ = {
			isa = PBXNativeTarget;
			buildConfigurationList = DC71902E1C0E3CD00089F695 /* Build configuration list for PBXNativeTarget "SO-33987900" */;
			buildPhases = (
				DC7190181C0E3CD00089F695 /* Sources */,
				DC7190191C0E3CD00089F695 /* Frameworks */,
				DC71901A1C0E3CD00089F695 /* Resources */,
			);
			buildRules = (
			);
			dependencies = (
			);
			name = "SO-33987900";
			productName = "SO-33987900";
			productReference = DC71901C1C0E3CD00089F695 /* SO-33987900.app */;
			productType = "com.apple.product-type.application";
		};
/* End PBXNativeTarget section */

/* Begin PBXProject section */
		DC7190141C0E3CD00089F695 /* Project object */ = {
			isa = PBXProject;
			attributes = {
				LastSwiftUpdateCheck = 0710;
				LastUpgradeCheck = 0940;
				ORGANIZATIONNAME = SwiftArchitect;
				TargetAttributes = {
					DC71901B1C0E3CD00089F695 = {
						CreatedOnToolsVersion = 7.1;
						LastSwiftMigration = 0940;
					};
				};
			};
			buildConfigurationList = DC7190171C0E3CD00089F695 /* Build configuration list for PBXProject "SO-33987900" */;
			compatibilityVersion = "Xcode 9.3";
			developmentRegion = English;
			hasScannedForEncodings = 0;
			knownRegions = (
				en,
				Base,
			);
			mainGroup = DC7190131C0E3CD00089F695;
			productRefGroup = DC71901D1C0E3CD00089F695 /* Products */;
			projectDirPath = "";
			projectRoot = "";
			targets = (
				DC71901B1C0E3CD00089F695 /* SO-33987900 */,
			);
		};
/* End PBXProject section */

/* Begin PBXResourcesBuildPhase section */
		DC71901A1C0E3CD00089F695 /* Resources */ = {
			isa = PBXResourcesBuildPhase;
			buildActionMask = 2147483647;
			files = (
				DC71902A1C0E3CD00089F695 /* LaunchScreen.storyboard in Resources */,
				DC7190271C0E3CD00089F695 /* Assets.xcassets in Resources */,
				DC7190251C0E3CD00089F695 /* Main.storyboard in Resources */,
			);
			runOnlyForDeploymentPostprocessing = 0;
		};
/* End PBXResourcesBuildPhase section */

/* Begin PBXSourcesBuildPhase section */
		DC7190181C0E3CD00089F695 /* Sources */ = {
			isa = PBXSourcesBuildPhase;
			buildActionMask = 2147483647;
			files = (
				DC7190221C0E3CD00089F695 /* ViewController.swift in Sources */,
				DC7190201C0E3CD00089F695 /* AppDelegate.swift in Sources */,
			);
			runOnlyForDeploymentPostprocessing = 0;
		};
/* End PBXSourcesBuildPhase section */

/* Begin PBXVariantGroup section */
		DC7190231C0E3CD00089F695 /* Main.storyboard */ = {
			isa = PBXVariantGroup;
			children = (
				DC7190241C0E3CD00089F695 /* Base */,
			);
			name = Main.storyboard;
			sourceTree = "<group>";
		};
		DC7190281C0E3CD00089F695 /* LaunchScreen.storyboard */ = {
			isa = PBXVariantGroup;
			children = (
				DC7190291C0E3CD00089F695 /* Base */,
			);
			name = LaunchScreen.storyboard;
			sourceTree = "<group>";
		};
/* End PBXVariantGroup section */

/* Begin XCBuildConfiguration section */
		DC71902C1C0E3CD00089F695 /* Debug */ = {
			isa = XCBuildConfiguration;
			buildSettings = {
				ALWAYS_SEARCH_USER_PATHS = NO;
				CLANG_CXX_LANGUAGE_STANDARD = "gnu++0x";
				CLANG_CXX_LIBRARY = "libc++";
				CLANG_ENABLE_MODULES = YES;
				CLANG_ENABLE_OBJC_ARC = YES;
				CLANG_WARN_BLOCK_CAPTURE_AUTORELEASING = YES;
				CLANG_WARN_BOOL_CONVERSION = YES;
				CLANG_WARN_COMMA = YES;
				CLANG_WARN_CONSTANT_CONVERSION = YES;
				CLANG_WARN_DEPRECATED_OBJC_IMPLEMENTATIONS = YES;
				CLANG_WARN_DIRECT_OBJC_ISA_USAGE = YES_ERROR;
				CLANG_WARN_EMPTY_BODY = YES;
				CLANG_WARN_ENUM_CONVERSION = YES;
				CLANG_WARN_INFINITE_RECURSION = YES;
				CLANG_WARN_INT_CONVERSION = YES;
				CLANG_WARN_NON_LITERAL_NULL_CONVERSION = YES;
				CLANG_WARN_OBJC_IMPLICIT_RETAIN_SELF = YES;
				CLANG_WARN_OBJC_LITERAL_CONVERSION = YES;
				CLANG_WARN_OBJC_ROOT_CLASS = YES_ERROR;
				CLANG_WARN_RANGE_LOOP_ANALYSIS = YES;
				CLANG_WARN_STRICT_PROTOTYPES = YES;
				CLANG_WARN_SUSPICIOUS_MOVE = YES;
				CLANG_WARN_UNREACHABLE_CODE = YES;
				CLANG_WARN__DUPLICATE_METHOD_MATCH = YES;
				"CODE_SIGN_IDENTITY[sdk=iphoneos*]" = "iPhone Developer";
				COPY_PHASE_STRIP = NO;
				DEBUG_INFORMATION_FORMAT = dwarf;
				ENABLE_STRICT_OBJC_MSGSEND = YES;
				ENABLE_TESTABILITY = YES;
				GCC_C_LANGUAGE_STANDARD = gnu99;
				GCC_DYNAMIC_NO_PIC = NO;
				GCC_NO_COMMON_BLOCKS = YES;
				GCC_OPTIMIZATION_LEVEL = 0;
				GCC_PREPROCESSOR_DEFINITIONS = (
					"DEBUG=1",
					"$(inherited)",
				);
				GCC_WARN_64_TO_32_BIT_CONVERSION = YES;
				GCC_WARN_ABOUT_RETURN_TYPE = YES_ERROR;
				GCC_WARN_UNDECLARED_SELECTOR = YES;
				GCC_WARN_UNINITIALIZED_AUTOS = YES_AGGRESSIVE;
				GCC_WARN_UNUSED_FUNCTION = YES;
				GCC_WARN_UNUSED_VARIABLE = YES;
				MTL_ENABLE_DEBUG_INFO = YES;
				ONLY_ACTIVE_ARCH = YES;
				SDKROOT = iphoneos;
				SWIFT_OPTIMIZATION_LEVEL = "-Onone";
				TARGETED_DEVICE_FAMILY = "1,2";
			};
			name = Debug;
		};
		DC71902D1C0E3CD00089F695 /* Release */ = {
			isa = XCBuildConfiguration;
			buildSettings = {
				ALWAYS_SEARCH_USER_PATHS = NO;
				CLANG_CXX_LANGUAGE_STANDARD = "gnu++0x";
				CLANG_CXX_LIBRARY = "libc++";
				CLANG_ENABLE_MODULES = YES;
				CLANG_ENABLE_OBJC_ARC = YES;
				CLANG_WARN_BLOCK_CAPTURE_AUTORELEASING = YES;
				CLANG_WARN_BOOL_CONVERSION = YES;
				CLANG_WARN_COMMA = YES;
				CLANG_WARN_CONSTANT_CONVERSION = YES;
				CLANG_WARN_DEPRECATED_OBJC_IMPLEMENTATIONS = YES;
				CLANG_WARN_DIRECT_OBJC_ISA_USAGE = YES_ERROR;
				CLANG_WARN_EMPTY_BODY = YES;
				CLANG_WARN_ENUM_CONVERSION = YES;
				CLANG_WARN_INFINITE_RECURSION = YES;
				CLANG_WARN_INT_CONVERSION = YES;
				CLANG_WARN_NON_LITERAL_NULL_CONVERSION = YES;
				CLANG_WARN_OBJC_IMPLICIT_RETAIN_SELF = YES;
				CLANG_WARN_OBJC_LITERAL_CONVERSION = YES;
				CLANG_WARN_OBJC_ROOT_CLASS = YES_ERROR;
				CLANG_WARN_RANGE_LOOP_ANALYSIS = YES;
				CLANG_WARN_STRICT_PROTOTYPES = YES;
				CLANG_WARN_SUSPICIOUS_MOVE = YES;
				CLANG_WARN_UNREACHABLE_CODE = YES;
				CLANG_WARN__DUPLICATE_METHOD_MATCH = YES;
				"CODE_SIGN_IDENTITY[sdk=iphoneos*]" = "iPhone Developer";
				COPY_PHASE_STRIP = NO;
				DEBUG_INFORMATION_FORMAT = "dwarf-with-dsym";
				ENABLE_NS_ASSERTIONS = NO;
				ENABLE_STRICT_OBJC_MSGSEND = YES;
				GCC_C_LANGUAGE_STANDARD = gnu99;
				GCC_NO_COMMON_BLOCKS = YES;
				GCC_WARN_64_TO_32_BIT_CONVERSION = YES;
				GCC_WARN_ABOUT_RETURN_TYPE = YES_ERROR;
				GCC_WARN_UNDECLARED_SELECTOR = YES;
				GCC_WARN_UNINITIALIZED_AUTOS = YES_AGGRESSIVE;
				GCC_WARN_UNUSED_FUNCTION = YES;
				GCC_WARN_UNUSED_VARIABLE = YES;
				MTL_ENABLE_DEBUG_INFO = NO;
				SDKROOT = iphoneos;
				SWIFT_COMPILATION_MODE = wholemodule;
				SWIFT_OPTIMIZATION_LEVEL = "-O";
				TARGETED_DEVICE_FAMILY = "1,2";
				VALIDATE_PRODUCT = YES;
			};
			name = Release;
		};
		DC71902F1C0E3CD00089F695 /* Debug */ = {
			isa = XCBuildConfiguration;
			buildSettings = {
				ASSETCATALOG_COMPILER_APPICON_NAME = AppIcon;
				INFOPLIST_FILE = "SO-33987900/Info.plist";
				LD_RUNPATH_SEARCH_PATHS = (
					"$(inherited)",
					"@executable_path/Frameworks",
				);
				PRODUCT_BUNDLE_IDENTIFIER = "com.swiftarchitect.SO-33987900";
				PRODUCT_NAME = "$(TARGET_NAME)";
				SWIFT_SWIFT3_OBJC_INFERENCE = Default;
				SWIFT_VERSION = 4.0;
			};
			name = Debug;
		};
		DC7190301C0E3CD00089F695 /* Release */ = {
			isa = XCBuildConfiguration;
			buildSettings = {
				ASSETCATALOG_COMPILER_APPICON_NAME = AppIcon;
				INFOPLIST_FILE = "SO-33987900/Info.plist";
				LD_RUNPATH_SEARCH_PATHS = (
					"$(inherited)",
					"@executable_path/Frameworks",
				);
				PRODUCT_BUNDLE_IDENTIFIER = "com.swiftarchitect.SO-33987900";
				PRODUCT_NAME = "$(TARGET_NAME)";
				SWIFT_SWIFT3_OBJC_INFERENCE = Default;
				SWIFT_VERSION = 4.0;
			};
			name = Release;
		};
/* End XCBuildConfiguration section */

/* Begin XCConfigurationList section */
		DC7190171C0E3CD00089F695 /* Build configuration list for PBXProject "SO-33987900" */ = {
			isa = XCConfigurationList;
			buildConfigurations = (
				DC71902C1C0E3CD00089F695 /* Debug */,
				DC71902D1C0E3CD00089F695 /* Release */,
			);
			defaultConfigurationIsVisible = 0;
			defaultConfigurationName = Release;
		};
		DC71902E1C0E3CD00089F695 /* Build configuration list for PBXNativeTarget "SO-33987900" */ = {
			isa = XCConfigurationList;
			buildConfigurations = (
				DC71902F1C0E3CD00089F695 /* Debug */,
				DC7190301C0E3CD00089F695 /* Release */,
			);
			defaultConfigurationIsVisible = 0;
			defaultConfigurationName = Release;
		};
/* End XCConfigurationList section */
	};
	rootObject = DC7190141C0E3CD00089F695 /* Project object */;
}
